
Microsoft Visual Studio Solution File, Format Version 12.00
# Visual Studio Version 16
VisualStudioVersion = 16.0.31402.337
MinimumVisualStudioVersion = 10.0.40219.1
Project("{FAE04EC0-301F-11D3-BF4B-00C04F79EFBC}") = "DateTimeAndMath", "DateTimeAndMath.csproj", "{EB7BB4CD-7100-4F42-8054-41B0AA64AF5F}"
EndProject
Global
	GlobalSection(SolutionConfigurationPlatforms) = preSolution
		Debug|Any CPU = Debug|Any CPU
		Release|Any CPU = Release|Any CPU
	EndGlobalSection
	GlobalSection(ProjectConfigurationPlatforms) = postSolution
		{EB7BB4CD-7100-4F42-8054-41B0AA64AF5F}.Debug|Any CPU.ActiveCfg = Debug|Any CPU
		{EB7BB4CD-7100-4F42-8054-41B0AA64AF5F}.Debug|Any CPU.Build.0 = Debug|Any CPU
		{EB7BB4CD-7100-4F42-8054-41B0AA64AF5F}.Release|Any CPU.ActiveCfg = Release|Any CPU
		{EB7BB4CD-7100-4F42-8054-41B0AA64AF5F}.Release|Any CPU.Build.0 = Release|Any CPU
	EndGlobalSection
	GlobalSection(SolutionProperties) = preSolution
		HideSolutionNode = FALSE
	EndGlobalSection
	GlobalSection(ExtensibilityGlobals) = postSolution
		SolutionGuid = {340FCD7A-7C70-480A-87AC-5748DE8FCED5}
	EndGlobalSection
EndGlobal
